// !$*UTF8*$!
{
	archiveVersion = 1;
	classes = {
	};
	objectVersion = 51;
	objects = {

/* Begin PBXBuildFile section */
		0A03488A26CEA424004358D8 /* StorageManager .swift in Sources */ = {isa = PBXBuildFile; fileRef = 0A03488926CEA424004358D8 /* StorageManager .swift */; };
		0A54BE0826CE29730034556B /* GoogleService-Info.plist in Resources */ = {isa = PBXBuildFile; fileRef = 0A54BE0726CE29730034556B /* GoogleService-Info.plist */; };
		2F61ACD726D5900B00558CDF /* ChooseAccountTypeViewController.swift in Sources */ = {isa = PBXBuildFile; fileRef = 2F61ACD626D5900B00558CDF /* ChooseAccountTypeViewController.swift */; };
		2F77C49F26D00980002517FA /* ToolbarPickerViewDelegate.swift in Sources */ = {isa = PBXBuildFile; fileRef = 2F77C49E26D00980002517FA /* ToolbarPickerViewDelegate.swift */; };
		2FA3A80C26DA89D7001AAE62 /* AnswerCell.swift in Sources */ = {isa = PBXBuildFile; fileRef = 2FA3A80B26DA89D7001AAE62 /* AnswerCell.swift */; };
		2FA3A80E26DA8A10001AAE62 /* QuestionHeader.swift in Sources */ = {isa = PBXBuildFile; fileRef = 2FA3A80D26DA8A10001AAE62 /* QuestionHeader.swift */; };
		2FD49AB126D46ECD004E692E /* UserQuestionsViewController.swift in Sources */ = {isa = PBXBuildFile; fileRef = 2FD49AB026D46ECD004E692E /* UserQuestionsViewController.swift */; };
		2FD49AB326D470DC004E692E /* HostQuestionsViewController.swift in Sources */ = {isa = PBXBuildFile; fileRef = 2FD49AB226D470DC004E692E /* HostQuestionsViewController.swift */; };
		3F714CD726B9B2C90006A475 /* AppDelegate.swift in Sources */ = {isa = PBXBuildFile; fileRef = 3F714CD626B9B2C90006A475 /* AppDelegate.swift */; };
		3F714CD926B9B2C90006A475 /* SceneDelegate.swift in Sources */ = {isa = PBXBuildFile; fileRef = 3F714CD826B9B2C90006A475 /* SceneDelegate.swift */; };
		3F714CDB26B9B2C90006A475 /* HomeViewController.swift in Sources */ = {isa = PBXBuildFile; fileRef = 3F714CDA26B9B2C90006A475 /* HomeViewController.swift */; };
		3F714CDE26B9B2C90006A475 /* Main.storyboard in Resources */ = {isa = PBXBuildFile; fileRef = 3F714CDC26B9B2C90006A475 /* Main.storyboard */; };
		3F714CE026B9B2CA0006A475 /* Assets.xcassets in Resources */ = {isa = PBXBuildFile; fileRef = 3F714CDF26B9B2CA0006A475 /* Assets.xcassets */; };
		3F714CE326B9B2CA0006A475 /* LaunchScreen.storyboard in Resources */ = {isa = PBXBuildFile; fileRef = 3F714CE126B9B2CA0006A475 /* LaunchScreen.storyboard */; };
		3F714CF526B9B7680006A475 /* LoginViewController.swift in Sources */ = {isa = PBXBuildFile; fileRef = 3F714CF426B9B7680006A475 /* LoginViewController.swift */; };
		3F714CF826B9B7830006A475 /* BasicRegistrationViewController.swift in Sources */ = {isa = PBXBuildFile; fileRef = 3F714CF726B9B7830006A475 /* BasicRegistrationViewController.swift */; };
		3F714CFB26B9BA710006A475 /* MessagingViewController.swift in Sources */ = {isa = PBXBuildFile; fileRef = 3F714CFA26B9BA710006A475 /* MessagingViewController.swift */; };
		3F714CFE26BB8BEE0006A475 /* Databasemanager.swift in Sources */ = {isa = PBXBuildFile; fileRef = 3F714CFD26BB8BEE0006A475 /* Databasemanager.swift */; };
		3F714D0126BB914B0006A475 /* Extensions.swift in Sources */ = {isa = PBXBuildFile; fileRef = 3F714D0026BB914B0006A475 /* Extensions.swift */; };
		3F714D0426C1A60F0006A475 /* authoManager.swift in Sources */ = {isa = PBXBuildFile; fileRef = 3F714D0326C1A60F0006A475 /* authoManager.swift */; };
		F29E6413860C06949E5608D1 /* Pods_Storage.framework in Frameworks */ = {isa = PBXBuildFile; fileRef = 7AF62AC482235F4760FFFB7B /* Pods_Storage.framework */; };
/* End PBXBuildFile section */

/* Begin PBXFileReference section */
		0A03488926CEA424004358D8 /* StorageManager .swift */ = {isa = PBXFileReference; lastKnownFileType = sourcecode.swift; path = "StorageManager .swift"; sourceTree = "<group>"; };
		0A54BE0726CE29730034556B /* GoogleService-Info.plist */ = {isa = PBXFileReference; fileEncoding = 4; lastKnownFileType = text.plist.xml; path = "GoogleService-Info.plist"; sourceTree = "<group>"; };
		2F61ACD626D5900B00558CDF /* ChooseAccountTypeViewController.swift */ = {isa = PBXFileReference; lastKnownFileType = sourcecode.swift; path = ChooseAccountTypeViewController.swift; sourceTree = "<group>"; };
		2F77C49E26D00980002517FA /* ToolbarPickerViewDelegate.swift */ = {isa = PBXFileReference; lastKnownFileType = sourcecode.swift; path = ToolbarPickerViewDelegate.swift; sourceTree = "<group>"; };
		2FA3A80B26DA89D7001AAE62 /* AnswerCell.swift */ = {isa = PBXFileReference; lastKnownFileType = sourcecode.swift; name = AnswerCell.swift; path = Storage/Controllers/AnswerCell.swift; sourceTree = SOURCE_ROOT; };
		2FA3A80D26DA8A10001AAE62 /* QuestionHeader.swift */ = {isa = PBXFileReference; lastKnownFileType = sourcecode.swift; name = QuestionHeader.swift; path = Storage/Controllers/QuestionHeader.swift; sourceTree = SOURCE_ROOT; };
		2FD49AB026D46ECD004E692E /* UserQuestionsViewController.swift */ = {isa = PBXFileReference; lastKnownFileType = sourcecode.swift; path = UserQuestionsViewController.swift; sourceTree = "<group>"; };
		2FD49AB226D470DC004E692E /* HostQuestionsViewController.swift */ = {isa = PBXFileReference; lastKnownFileType = sourcecode.swift; path = HostQuestionsViewController.swift; sourceTree = "<group>"; };
		3F714CD326B9B2C90006A475 /* Storage.app */ = {isa = PBXFileReference; explicitFileType = wrapper.application; includeInIndex = 0; path = Storage.app; sourceTree = BUILT_PRODUCTS_DIR; };
		3F714CD626B9B2C90006A475 /* AppDelegate.swift */ = {isa = PBXFileReference; lastKnownFileType = sourcecode.swift; path = AppDelegate.swift; sourceTree = "<group>"; };
		3F714CD826B9B2C90006A475 /* SceneDelegate.swift */ = {isa = PBXFileReference; lastKnownFileType = sourcecode.swift; path = SceneDelegate.swift; sourceTree = "<group>"; };
		3F714CDA26B9B2C90006A475 /* HomeViewController.swift */ = {isa = PBXFileReference; lastKnownFileType = sourcecode.swift; path = HomeViewController.swift; sourceTree = "<group>"; };
		3F714CDD26B9B2C90006A475 /* Base */ = {isa = PBXFileReference; lastKnownFileType = file.storyboard; name = Base; path = Base.lproj/Main.storyboard; sourceTree = "<group>"; };
		3F714CDF26B9B2CA0006A475 /* Assets.xcassets */ = {isa = PBXFileReference; lastKnownFileType = folder.assetcatalog; path = Assets.xcassets; sourceTree = "<group>"; };
		3F714CE226B9B2CA0006A475 /* Base */ = {isa = PBXFileReference; lastKnownFileType = file.storyboard; name = Base; path = Base.lproj/LaunchScreen.storyboard; sourceTree = "<group>"; };
		3F714CE426B9B2CA0006A475 /* Info.plist */ = {isa = PBXFileReference; lastKnownFileType = text.plist.xml; path = Info.plist; sourceTree = "<group>"; };
		3F714CF426B9B7680006A475 /* LoginViewController.swift */ = {isa = PBXFileReference; lastKnownFileType = sourcecode.swift; path = LoginViewController.swift; sourceTree = "<group>"; };
		3F714CF726B9B7830006A475 /* BasicRegistrationViewController.swift */ = {isa = PBXFileReference; lastKnownFileType = sourcecode.swift; path = BasicRegistrationViewController.swift; sourceTree = "<group>"; };
		3F714CFA26B9BA710006A475 /* MessagingViewController.swift */ = {isa = PBXFileReference; lastKnownFileType = sourcecode.swift; path = MessagingViewController.swift; sourceTree = "<group>"; };
		3F714CFD26BB8BEE0006A475 /* Databasemanager.swift */ = {isa = PBXFileReference; lastKnownFileType = sourcecode.swift; path = Databasemanager.swift; sourceTree = "<group>"; };
		3F714D0026BB914B0006A475 /* Extensions.swift */ = {isa = PBXFileReference; lastKnownFileType = sourcecode.swift; path = Extensions.swift; sourceTree = "<group>"; };
		3F714D0326C1A60F0006A475 /* authoManager.swift */ = {isa = PBXFileReference; lastKnownFileType = sourcecode.swift; path = authoManager.swift; sourceTree = "<group>"; };
		41CA3DDBACFA8A87E5C541E7 /* Pods-Storage.debug.xcconfig */ = {isa = PBXFileReference; includeInIndex = 1; lastKnownFileType = text.xcconfig; name = "Pods-Storage.debug.xcconfig"; path = "Target Support Files/Pods-Storage/Pods-Storage.debug.xcconfig"; sourceTree = "<group>"; };
		5C086CE69D929DF469B97F41 /* Pods-Storage.release.xcconfig */ = {isa = PBXFileReference; includeInIndex = 1; lastKnownFileType = text.xcconfig; name = "Pods-Storage.release.xcconfig"; path = "Target Support Files/Pods-Storage/Pods-Storage.release.xcconfig"; sourceTree = "<group>"; };
		7AF62AC482235F4760FFFB7B /* Pods_Storage.framework */ = {isa = PBXFileReference; explicitFileType = wrapper.framework; includeInIndex = 0; path = Pods_Storage.framework; sourceTree = BUILT_PRODUCTS_DIR; };
/* End PBXFileReference section */

/* Begin PBXFrameworksBuildPhase section */
		3F714CD026B9B2C90006A475 /* Frameworks */ = {
			isa = PBXFrameworksBuildPhase;
			buildActionMask = 2147483647;
			files = (
				F29E6413860C06949E5608D1 /* Pods_Storage.framework in Frameworks */,
			);
			runOnlyForDeploymentPostprocessing = 0;
		};
/* End PBXFrameworksBuildPhase section */

/* Begin PBXGroup section */
		2F77C4A026D00CE4002517FA /* Delegates */ = {
			isa = PBXGroup;
			children = (
				3F714CD826B9B2C90006A475 /* SceneDelegate.swift */,
				3F714CD626B9B2C90006A475 /* AppDelegate.swift */,
				2F77C49E26D00980002517FA /* ToolbarPickerViewDelegate.swift */,
			);
			path = Delegates;
			sourceTree = "<group>";
		};
		2F77C4A126D00CF6002517FA /* Managers */ = {
			isa = PBXGroup;
			children = (
				3F714D0326C1A60F0006A475 /* authoManager.swift */,
				0A03488926CEA424004358D8 /* StorageManager .swift */,
				3F714CFD26BB8BEE0006A475 /* Databasemanager.swift */,
			);
			path = Managers;
			sourceTree = "<group>";
		};
		3F714CCA26B9B2C90006A475 = {
			isa = PBXGroup;
			children = (
				3F714CD526B9B2C90006A475 /* Storage */,
				3F714CD426B9B2C90006A475 /* Products */,
				F68BE2B1D6F51BD20BC12297 /* Pods */,
				48CA51717D8368FD0D57AB91 /* Frameworks */,
			);
			sourceTree = "<group>";
		};
		3F714CD426B9B2C90006A475 /* Products */ = {
			isa = PBXGroup;
			children = (
				3F714CD326B9B2C90006A475 /* Storage.app */,
			);
			name = Products;
			sourceTree = "<group>";
		};
		3F714CD526B9B2C90006A475 /* Storage */ = {
			isa = PBXGroup;
			children = (
				3F714CF126B9B3380006A475 /* Controllers */,
				3F714CF026B9B32A0006A475 /* Views */,
				3F714CEE26B9B3100006A475 /* Models */,
				3F714CEC26B9B2E70006A475 /* Resources */,
			);
			path = Storage;
			sourceTree = "<group>";
		};
		3F714CEC26B9B2E70006A475 /* Resources */ = {
			isa = PBXGroup;
			children = (
				3F714CE426B9B2CA0006A475 /* Info.plist */,
				3F714D0026BB914B0006A475 /* Extensions.swift */,
				2F77C4A126D00CF6002517FA /* Managers */,
				2F77C4A026D00CE4002517FA /* Delegates */,
				0A54BE0726CE29730034556B /* GoogleService-Info.plist */,
			);
			path = Resources;
			sourceTree = "<group>";
		};
		3F714CEE26B9B3100006A475 /* Models */ = {
			isa = PBXGroup;
			children = (
				2FA3A80B26DA89D7001AAE62 /* AnswerCell.swift */,
				2FA3A80D26DA8A10001AAE62 /* QuestionHeader.swift */,
			);
			path = Models;
			sourceTree = "<group>";
		};
		3F714CF026B9B32A0006A475 /* Views */ = {
			isa = PBXGroup;
			children = (
				3F714CF226B9B4120006A475 /* Storyboards */,
				3F714CDF26B9B2CA0006A475 /* Assets.xcassets */,
			);
			path = Views;
			sourceTree = "<group>";
		};
		3F714CF126B9B3380006A475 /* Controllers */ = {
			isa = PBXGroup;
			children = (
				3F714CDA26B9B2C90006A475 /* HomeViewController.swift */,
				3F714CF426B9B7680006A475 /* LoginViewController.swift */,
				3F714CFA26B9BA710006A475 /* MessagingViewController.swift */,
				3F714CF726B9B7830006A475 /* BasicRegistrationViewController.swift */,
				2F61ACD626D5900B00558CDF /* ChooseAccountTypeViewController.swift */,
				2FD49AB026D46ECD004E692E /* UserQuestionsViewController.swift */,
				2FD49AB226D470DC004E692E /* HostQuestionsViewController.swift */,
			);
			path = Controllers;
			sourceTree = "<group>";
		};
		3F714CF226B9B4120006A475 /* Storyboards */ = {
			isa = PBXGroup;
			children = (
				3F714CDC26B9B2C90006A475 /* Main.storyboard */,
				3F714CE126B9B2CA0006A475 /* LaunchScreen.storyboard */,
			);
			path = Storyboards;
			sourceTree = "<group>";
		};
		48CA51717D8368FD0D57AB91 /* Frameworks */ = {
			isa = PBXGroup;
			children = (
				7AF62AC482235F4760FFFB7B /* Pods_Storage.framework */,
			);
			name = Frameworks;
			sourceTree = "<group>";
		};
		F68BE2B1D6F51BD20BC12297 /* Pods */ = {
			isa = PBXGroup;
			children = (
				41CA3DDBACFA8A87E5C541E7 /* Pods-Storage.debug.xcconfig */,
				5C086CE69D929DF469B97F41 /* Pods-Storage.release.xcconfig */,
			);
			path = Pods;
			sourceTree = "<group>";
		};
/* End PBXGroup section */

/* Begin PBXNativeTarget section */
		3F714CD226B9B2C90006A475 /* Storage */ = {
			isa = PBXNativeTarget;
			buildConfigurationList = 3F714CE726B9B2CA0006A475 /* Build configuration list for PBXNativeTarget "Storage" */;
			buildPhases = (
				C4FAA84B9C9B38A89AB3218D /* [CP] Check Pods Manifest.lock */,
				3F714CCF26B9B2C90006A475 /* Sources */,
				3F714CD026B9B2C90006A475 /* Frameworks */,
				3F714CD126B9B2C90006A475 /* Resources */,
				DD1A3403DDD8DC89EF0430B9 /* [CP] Embed Pods Frameworks */,
			);
			buildRules = (
			);
			dependencies = (
			);
			name = Storage;
			productName = Storage;
			productReference = 3F714CD326B9B2C90006A475 /* Storage.app */;
			productType = "com.apple.product-type.application";
		};
/* End PBXNativeTarget section */

/* Begin PBXProject section */
		3F714CCB26B9B2C90006A475 /* Project object */ = {
			isa = PBXProject;
			attributes = {
				LastSwiftUpdateCheck = 1220;
				LastUpgradeCheck = 1220;
				TargetAttributes = {
					3F714CD226B9B2C90006A475 = {
						CreatedOnToolsVersion = 12.2;
					};
				};
			};
			buildConfigurationList = 3F714CCE26B9B2C90006A475 /* Build configuration list for PBXProject "Storage" */;
			compatibilityVersion = "Xcode 9.3";
			developmentRegion = en;
			hasScannedForEncodings = 0;
			knownRegions = (
				en,
				Base,
			);
			mainGroup = 3F714CCA26B9B2C90006A475;
			productRefGroup = 3F714CD426B9B2C90006A475 /* Products */;
			projectDirPath = "";
			projectRoot = "";
			targets = (
				3F714CD226B9B2C90006A475 /* Storage */,
			);
		};
/* End PBXProject section */

/* Begin PBXResourcesBuildPhase section */
		3F714CD126B9B2C90006A475 /* Resources */ = {
			isa = PBXResourcesBuildPhase;
			buildActionMask = 2147483647;
			files = (
				3F714CE326B9B2CA0006A475 /* LaunchScreen.storyboard in Resources */,
				0A54BE0826CE29730034556B /* GoogleService-Info.plist in Resources */,
				3F714CE026B9B2CA0006A475 /* Assets.xcassets in Resources */,
				3F714CDE26B9B2C90006A475 /* Main.storyboard in Resources */,
			);
			runOnlyForDeploymentPostprocessing = 0;
		};
/* End PBXResourcesBuildPhase section */

/* Begin PBXShellScriptBuildPhase section */
		C4FAA84B9C9B38A89AB3218D /* [CP] Check Pods Manifest.lock */ = {
			isa = PBXShellScriptBuildPhase;
			buildActionMask = 2147483647;
			files = (
			);
			inputFileListPaths = (
			);
			inputPaths = (
				"${PODS_PODFILE_DIR_PATH}/Podfile.lock",
				"${PODS_ROOT}/Manifest.lock",
			);
			name = "[CP] Check Pods Manifest.lock";
			outputFileListPaths = (
			);
			outputPaths = (
				"$(DERIVED_FILE_DIR)/Pods-Storage-checkManifestLockResult.txt",
			);
			runOnlyForDeploymentPostprocessing = 0;
			shellPath = /bin/sh;
			shellScript = "diff \"${PODS_PODFILE_DIR_PATH}/Podfile.lock\" \"${PODS_ROOT}/Manifest.lock\" > /dev/null\nif [ $? != 0 ] ; then\n    # print error to STDERR\n    echo \"error: The sandbox is not in sync with the Podfile.lock. Run 'pod install' or update your CocoaPods installation.\" >&2\n    exit 1\nfi\n# This output is used by Xcode 'outputs' to avoid re-running this script phase.\necho \"SUCCESS\" > \"${SCRIPT_OUTPUT_FILE_0}\"\n";
			showEnvVarsInLog = 0;
		};
		DD1A3403DDD8DC89EF0430B9 /* [CP] Embed Pods Frameworks */ = {
			isa = PBXShellScriptBuildPhase;
			buildActionMask = 2147483647;
			files = (
			);
			inputFileListPaths = (
				"${PODS_ROOT}/Target Support Files/Pods-Storage/Pods-Storage-frameworks-${CONFIGURATION}-input-files.xcfilelist",
			);
			name = "[CP] Embed Pods Frameworks";
			outputFileListPaths = (
				"${PODS_ROOT}/Target Support Files/Pods-Storage/Pods-Storage-frameworks-${CONFIGURATION}-output-files.xcfilelist",
			);
			runOnlyForDeploymentPostprocessing = 0;
			shellPath = /bin/sh;
			shellScript = "\"${PODS_ROOT}/Target Support Files/Pods-Storage/Pods-Storage-frameworks.sh\"\n";
			showEnvVarsInLog = 0;
		};
/* End PBXShellScriptBuildPhase section */

/* Begin PBXSourcesBuildPhase section */
		3F714CCF26B9B2C90006A475 /* Sources */ = {
			isa = PBXSourcesBuildPhase;
			buildActionMask = 2147483647;
			files = (
				2FA3A80E26DA8A10001AAE62 /* QuestionHeader.swift in Sources */,
				3F714CF526B9B7680006A475 /* LoginViewController.swift in Sources */,
				3F714CDB26B9B2C90006A475 /* HomeViewController.swift in Sources */,
				3F714CD726B9B2C90006A475 /* AppDelegate.swift in Sources */,
				3F714D0426C1A60F0006A475 /* authoManager.swift in Sources */,
				0A03488A26CEA424004358D8 /* StorageManager .swift in Sources */,
				3F714D0126BB914B0006A475 /* Extensions.swift in Sources */,
				3F714CFE26BB8BEE0006A475 /* Databasemanager.swift in Sources */,
				2FD49AB126D46ECD004E692E /* UserQuestionsViewController.swift in Sources */,
				3F714CD926B9B2C90006A475 /* SceneDelegate.swift in Sources */,
				2F61ACD726D5900B00558CDF /* ChooseAccountTypeViewController.swift in Sources */,
				2F77C49F26D00980002517FA /* ToolbarPickerViewDelegate.swift in Sources */,
				3F714CF826B9B7830006A475 /* BasicRegistrationViewController.swift in Sources */,
				2FD49AB326D470DC004E692E /* HostQuestionsViewController.swift in Sources */,
				3F714CFB26B9BA710006A475 /* MessagingViewController.swift in Sources */,
				2FA3A80C26DA89D7001AAE62 /* AnswerCell.swift in Sources */,
			);
			runOnlyForDeploymentPostprocessing = 0;
		};
/* End PBXSourcesBuildPhase section */

/* Begin PBXVariantGroup section */
		3F714CDC26B9B2C90006A475 /* Main.storyboard */ = {
			isa = PBXVariantGroup;
			children = (
				3F714CDD26B9B2C90006A475 /* Base */,
			);
			name = Main.storyboard;
			sourceTree = "<group>";
		};
		3F714CE126B9B2CA0006A475 /* LaunchScreen.storyboard */ = {
			isa = PBXVariantGroup;
			children = (
				3F714CE226B9B2CA0006A475 /* Base */,
			);
			name = LaunchScreen.storyboard;
			sourceTree = "<group>";
		};
/* End PBXVariantGroup section */

/* Begin XCBuildConfiguration section */
		3F714CE526B9B2CA0006A475 /* Debug */ = {
			isa = XCBuildConfiguration;
			buildSettings = {
				ALWAYS_SEARCH_USER_PATHS = NO;
				CLANG_ANALYZER_NONNULL = YES;
				CLANG_ANALYZER_NUMBER_OBJECT_CONVERSION = YES_AGGRESSIVE;
				CLANG_CXX_LANGUAGE_STANDARD = "gnu++14";
				CLANG_CXX_LIBRARY = "libc++";
				CLANG_ENABLE_MODULES = YES;
				CLANG_ENABLE_OBJC_ARC = YES;
				CLANG_ENABLE_OBJC_WEAK = YES;
				CLANG_WARN_BLOCK_CAPTURE_AUTORELEASING = YES;
				CLANG_WARN_BOOL_CONVERSION = YES;
				CLANG_WARN_COMMA = YES;
				CLANG_WARN_CONSTANT_CONVERSION = YES;
				CLANG_WARN_DEPRECATED_OBJC_IMPLEMENTATIONS = YES;
				CLANG_WARN_DIRECT_OBJC_ISA_USAGE = YES_ERROR;
				CLANG_WARN_DOCUMENTATION_COMMENTS = YES;
				CLANG_WARN_EMPTY_BODY = YES;
				CLANG_WARN_ENUM_CONVERSION = YES;
				CLANG_WARN_INFINITE_RECURSION = YES;
				CLANG_WARN_INT_CONVERSION = YES;
				CLANG_WARN_NON_LITERAL_NULL_CONVERSION = YES;
				CLANG_WARN_OBJC_IMPLICIT_RETAIN_SELF = YES;
				CLANG_WARN_OBJC_LITERAL_CONVERSION = YES;
				CLANG_WARN_OBJC_ROOT_CLASS = YES_ERROR;
				CLANG_WARN_QUOTED_INCLUDE_IN_FRAMEWORK_HEADER = YES;
				CLANG_WARN_RANGE_LOOP_ANALYSIS = YES;
				CLANG_WARN_STRICT_PROTOTYPES = YES;
				CLANG_WARN_SUSPICIOUS_MOVE = YES;
				CLANG_WARN_UNGUARDED_AVAILABILITY = YES_AGGRESSIVE;
				CLANG_WARN_UNREACHABLE_CODE = YES;
				CLANG_WARN__DUPLICATE_METHOD_MATCH = YES;
				COPY_PHASE_STRIP = NO;
				DEBUG_INFORMATION_FORMAT = dwarf;
				ENABLE_STRICT_OBJC_MSGSEND = YES;
				ENABLE_TESTABILITY = YES;
				GCC_C_LANGUAGE_STANDARD = gnu11;
				GCC_DYNAMIC_NO_PIC = NO;
				GCC_NO_COMMON_BLOCKS = YES;
				GCC_OPTIMIZATION_LEVEL = 0;
				GCC_PREPROCESSOR_DEFINITIONS = (
					"DEBUG=1",
					"$(inherited)",
				);
				GCC_WARN_64_TO_32_BIT_CONVERSION = YES;
				GCC_WARN_ABOUT_RETURN_TYPE = YES_ERROR;
				GCC_WARN_UNDECLARED_SELECTOR = YES;
				GCC_WARN_UNINITIALIZED_AUTOS = YES_AGGRESSIVE;
				GCC_WARN_UNUSED_FUNCTION = YES;
				GCC_WARN_UNUSED_VARIABLE = YES;
				IPHONEOS_DEPLOYMENT_TARGET = 14.2;
				MTL_ENABLE_DEBUG_INFO = INCLUDE_SOURCE;
				MTL_FAST_MATH = YES;
				ONLY_ACTIVE_ARCH = YES;
				SDKROOT = iphoneos;
				SWIFT_ACTIVE_COMPILATION_CONDITIONS = DEBUG;
				SWIFT_OPTIMIZATION_LEVEL = "-Onone";
			};
			name = Debug;
		};
		3F714CE626B9B2CA0006A475 /* Release */ = {
			isa = XCBuildConfiguration;
			buildSettings = {
				ALWAYS_SEARCH_USER_PATHS = NO;
				CLANG_ANALYZER_NONNULL = YES;
				CLANG_ANALYZER_NUMBER_OBJECT_CONVERSION = YES_AGGRESSIVE;
				CLANG_CXX_LANGUAGE_STANDARD = "gnu++14";
				CLANG_CXX_LIBRARY = "libc++";
				CLANG_ENABLE_MODULES = YES;
				CLANG_ENABLE_OBJC_ARC = YES;
				CLANG_ENABLE_OBJC_WEAK = YES;
				CLANG_WARN_BLOCK_CAPTURE_AUTORELEASING = YES;
				CLANG_WARN_BOOL_CONVERSION = YES;
				CLANG_WARN_COMMA = YES;
				CLANG_WARN_CONSTANT_CONVERSION = YES;
				CLANG_WARN_DEPRECATED_OBJC_IMPLEMENTATIONS = YES;
				CLANG_WARN_DIRECT_OBJC_ISA_USAGE = YES_ERROR;
				CLANG_WARN_DOCUMENTATION_COMMENTS = YES;
				CLANG_WARN_EMPTY_BODY = YES;
				CLANG_WARN_ENUM_CONVERSION = YES;
				CLANG_WARN_INFINITE_RECURSION = YES;
				CLANG_WARN_INT_CONVERSION = YES;
				CLANG_WARN_NON_LITERAL_NULL_CONVERSION = YES;
				CLANG_WARN_OBJC_IMPLICIT_RETAIN_SELF = YES;
				CLANG_WARN_OBJC_LITERAL_CONVERSION = YES;
				CLANG_WARN_OBJC_ROOT_CLASS = YES_ERROR;
				CLANG_WARN_QUOTED_INCLUDE_IN_FRAMEWORK_HEADER = YES;
				CLANG_WARN_RANGE_LOOP_ANALYSIS = YES;
				CLANG_WARN_STRICT_PROTOTYPES = YES;
				CLANG_WARN_SUSPICIOUS_MOVE = YES;
				CLANG_WARN_UNGUARDED_AVAILABILITY = YES_AGGRESSIVE;
				CLANG_WARN_UNREACHABLE_CODE = YES;
				CLANG_WARN__DUPLICATE_METHOD_MATCH = YES;
				COPY_PHASE_STRIP = NO;
				DEBUG_INFORMATION_FORMAT = "dwarf-with-dsym";
				ENABLE_NS_ASSERTIONS = NO;
				ENABLE_STRICT_OBJC_MSGSEND = YES;
				GCC_C_LANGUAGE_STANDARD = gnu11;
				GCC_NO_COMMON_BLOCKS = YES;
				GCC_WARN_64_TO_32_BIT_CONVERSION = YES;
				GCC_WARN_ABOUT_RETURN_TYPE = YES_ERROR;
				GCC_WARN_UNDECLARED_SELECTOR = YES;
				GCC_WARN_UNINITIALIZED_AUTOS = YES_AGGRESSIVE;
				GCC_WARN_UNUSED_FUNCTION = YES;
				GCC_WARN_UNUSED_VARIABLE = YES;
				IPHONEOS_DEPLOYMENT_TARGET = 14.2;
				MTL_ENABLE_DEBUG_INFO = NO;
				MTL_FAST_MATH = YES;
				SDKROOT = iphoneos;
				SWIFT_COMPILATION_MODE = wholemodule;
				SWIFT_OPTIMIZATION_LEVEL = "-O";
				VALIDATE_PRODUCT = YES;
			};
			name = Release;
		};
		3F714CE826B9B2CA0006A475 /* Debug */ = {
			isa = XCBuildConfiguration;
			baseConfigurationReference = 41CA3DDBACFA8A87E5C541E7 /* Pods-Storage.debug.xcconfig */;
			buildSettings = {
				ASSETCATALOG_COMPILER_APPICON_NAME = AppIcon;
				ASSETCATALOG_COMPILER_GLOBAL_ACCENT_COLOR_NAME = AccentColor;
				CODE_SIGN_STYLE = Automatic;
				DEVELOPMENT_TEAM = PSQG2MAD6X;
				INFOPLIST_FILE = Storage/Info.plist;
				IPHONEOS_DEPLOYMENT_TARGET = 13.0;
				LD_RUNPATH_SEARCH_PATHS = (
					"$(inherited)",
					"@executable_path/Frameworks",
				);
				PRODUCT_BUNDLE_IDENTIFIER = com.kevin.Storage;
				PRODUCT_NAME = "$(TARGET_NAME)";
				SWIFT_VERSION = 5.0;
				TARGETED_DEVICE_FAMILY = 1;
			};
			name = Debug;
		};
		3F714CE926B9B2CA0006A475 /* Release */ = {
			isa = XCBuildConfiguration;
			baseConfigurationReference = 5C086CE69D929DF469B97F41 /* Pods-Storage.release.xcconfig */;
			buildSettings = {
				ASSETCATALOG_COMPILER_APPICON_NAME = AppIcon;
				ASSETCATALOG_COMPILER_GLOBAL_ACCENT_COLOR_NAME = AccentColor;
				CODE_SIGN_STYLE = Automatic;
				DEVELOPMENT_TEAM = PSQG2MAD6X;
				INFOPLIST_FILE = Storage/Info.plist;
				IPHONEOS_DEPLOYMENT_TARGET = 13.0;
				LD_RUNPATH_SEARCH_PATHS = (
					"$(inherited)",
					"@executable_path/Frameworks",
				);
				PRODUCT_BUNDLE_IDENTIFIER = com.kevin.Storage;
				PRODUCT_NAME = "$(TARGET_NAME)";
				SWIFT_VERSION = 5.0;
				TARGETED_DEVICE_FAMILY = 1;
			};
			name = Release;
		};
/* End XCBuildConfiguration section */

/* Begin XCConfigurationList section */
		3F714CCE26B9B2C90006A475 /* Build configuration list for PBXProject "Storage" */ = {
			isa = XCConfigurationList;
			buildConfigurations = (
				3F714CE526B9B2CA0006A475 /* Debug */,
				3F714CE626B9B2CA0006A475 /* Release */,
			);
			defaultConfigurationIsVisible = 0;
			defaultConfigurationName = Release;
		};
		3F714CE726B9B2CA0006A475 /* Build configuration list for PBXNativeTarget "Storage" */ = {
			isa = XCConfigurationList;
			buildConfigurations = (
				3F714CE826B9B2CA0006A475 /* Debug */,
				3F714CE926B9B2CA0006A475 /* Release */,
			);
			defaultConfigurationIsVisible = 0;
			defaultConfigurationName = Release;
		};
/* End XCConfigurationList section */
	};
	rootObject = 3F714CCB26B9B2C90006A475 /* Project object */;
}
